
Microsoft Visual Studio Solution File, Format Version 12.00
# Visual Studio Version 17
VisualStudioVersion = 17.5.002.0
MinimumVisualStudioVersion = 10.0.40219.1
Project("{9A19103F-16F7-4668-BE54-9A1E7A4F7556}") = "TextEditor", "TextEditor.csproj", "{8687A46E-5530-4FAA-A019-961A1D636339}"
EndProject
Global
	GlobalSection(SolutionConfigurationPlatforms) = preSolution
		Debug|Any CPU = Debug|Any CPU
		Release|Any CPU = Release|Any CPU
	EndGlobalSection
	GlobalSection(ProjectConfigurationPlatforms) = postSolution
		{8687A46E-5530-4FAA-A019-961A1D636339}.Debug|Any CPU.ActiveCfg = Debug|Any CPU
		{8687A46E-5530-4FAA-A019-961A1D636339}.Debug|Any CPU.Build.0 = Debug|Any CPU
		{8687A46E-5530-4FAA-A019-961A1D636339}.Release|Any CPU.ActiveCfg = Release|Any CPU
		{8687A46E-5530-4FAA-A019-961A1D636339}.Release|Any CPU.Build.0 = Release|Any CPU
	EndGlobalSection
	GlobalSection(SolutionProperties) = preSolution
		HideSolutionNode = FALSE
	EndGlobalSection
	GlobalSection(ExtensibilityGlobals) = postSolution
		SolutionGuid = {A4FC942B-F071-42D1-8086-F01B46AF1867}
	EndGlobalSection
EndGlobal
